
Microsoft Visual Studio Solution File, Format Version 12.00
# Visual Studio Version 17
VisualStudioVersion = 17.10.34916.146
MinimumVisualStudioVersion = 10.0.40219.1
Project("{FAE04EC0-301F-11D3-BF4B-00C04F79EFBC}") = "dice", "dice\dice.csproj", "{0171BEAF-38DA-45A9-95AB-8B7E49FA9EB4}"
EndProject
Project("{FAE04EC0-301F-11D3-BF4B-00C04F79EFBC}") = "dice2", "dice2\dice2.csproj", "{F84656C3-E3C9-42E1-B65D-EEE953610F3F}"
EndProject
Project("{FAE04EC0-301F-11D3-BF4B-00C04F79EFBC}") = "Anime_select", "Anime_select\Anime_select.csproj", "{F78B89C5-EE74-4707-BEFD-CC6B037BC464}"
EndProject
Project("{FAE04EC0-301F-11D3-BF4B-00C04F79EFBC}") = "select", "select\select.csproj", "{07E888F5-0FAC-4628-9D77-81419365F84F}"
EndProject
Global
	GlobalSection(SolutionConfigurationPlatforms) = preSolution
		Debug|Any CPU = Debug|Any CPU
		Release|Any CPU = Release|Any CPU
	EndGlobalSection
	GlobalSection(ProjectConfigurationPlatforms) = postSolution
		{0171BEAF-38DA-45A9-95AB-8B7E49FA9EB4}.Debug|Any CPU.ActiveCfg = Debug|Any CPU
		{0171BEAF-38DA-45A9-95AB-8B7E49FA9EB4}.Debug|Any CPU.Build.0 = Debug|Any CPU
		{0171BEAF-38DA-45A9-95AB-8B7E49FA9EB4}.Release|Any CPU.ActiveCfg = Release|Any CPU
		{0171BEAF-38DA-45A9-95AB-8B7E49FA9EB4}.Release|Any CPU.Build.0 = Release|Any CPU
		{F84656C3-E3C9-42E1-B65D-EEE953610F3F}.Debug|Any CPU.ActiveCfg = Debug|Any CPU
		{F84656C3-E3C9-42E1-B65D-EEE953610F3F}.Debug|Any CPU.Build.0 = Debug|Any CPU
		{F84656C3-E3C9-42E1-B65D-EEE953610F3F}.Release|Any CPU.ActiveCfg = Release|Any CPU
		{F84656C3-E3C9-42E1-B65D-EEE953610F3F}.Release|Any CPU.Build.0 = Release|Any CPU
		{F78B89C5-EE74-4707-BEFD-CC6B037BC464}.Debug|Any CPU.ActiveCfg = Debug|Any CPU
		{F78B89C5-EE74-4707-BEFD-CC6B037BC464}.Debug|Any CPU.Build.0 = Debug|Any CPU
		{F78B89C5-EE74-4707-BEFD-CC6B037BC464}.Release|Any CPU.ActiveCfg = Release|Any CPU
		{F78B89C5-EE74-4707-BEFD-CC6B037BC464}.Release|Any CPU.Build.0 = Release|Any CPU
		{07E888F5-0FAC-4628-9D77-81419365F84F}.Debug|Any CPU.ActiveCfg = Debug|Any CPU
		{07E888F5-0FAC-4628-9D77-81419365F84F}.Debug|Any CPU.Build.0 = Debug|Any CPU
		{07E888F5-0FAC-4628-9D77-81419365F84F}.Release|Any CPU.ActiveCfg = Release|Any CPU
		{07E888F5-0FAC-4628-9D77-81419365F84F}.Release|Any CPU.Build.0 = Release|Any CPU
	EndGlobalSection
	GlobalSection(SolutionProperties) = preSolution
		HideSolutionNode = FALSE
	EndGlobalSection
	GlobalSection(ExtensibilityGlobals) = postSolution
		SolutionGuid = {0F0DF36C-4400-4FD4-BE89-E1676AC14F97}
	EndGlobalSection
EndGlobal
